// !$*UTF8*$!
{
	archiveVersion = 1;
	classes = {
	};
	objectVersion = 50;
	objects = {

/* Begin PBXBuildFile section */
		A01FB1E22675552D00554AA8 /* HomePageViewController.swift in Sources */ = {isa = PBXBuildFile; fileRef = A01FB1E12675552D00554AA8 /* HomePageViewController.swift */; };
		A08ED2EF26740E570003F16F /* AppDelegate.swift in Sources */ = {isa = PBXBuildFile; fileRef = A08ED2EE26740E570003F16F /* AppDelegate.swift */; };
		A08ED2F126740E570003F16F /* SceneDelegate.swift in Sources */ = {isa = PBXBuildFile; fileRef = A08ED2F026740E570003F16F /* SceneDelegate.swift */; };
		A08ED2F326740E570003F16F /* ViewController.swift in Sources */ = {isa = PBXBuildFile; fileRef = A08ED2F226740E570003F16F /* ViewController.swift */; };
		A08ED2F626740E570003F16F /* Main.storyboard in Resources */ = {isa = PBXBuildFile; fileRef = A08ED2F426740E570003F16F /* Main.storyboard */; };
		A08ED2F826740E5C0003F16F /* Assets.xcassets in Resources */ = {isa = PBXBuildFile; fileRef = A08ED2F726740E5C0003F16F /* Assets.xcassets */; };
		A08ED2FB26740E5C0003F16F /* LaunchScreen.storyboard in Resources */ = {isa = PBXBuildFile; fileRef = A08ED2F926740E5C0003F16F /* LaunchScreen.storyboard */; };
		A0EF2BE226753E3200FE125A /* PasswordPageViewController.swift in Sources */ = {isa = PBXBuildFile; fileRef = A0EF2BE126753E3200FE125A /* PasswordPageViewController.swift */; };
		A0EF2BE926753E6A00FE125A /* TestHomeViewController.swift in Sources */ = {isa = PBXBuildFile; fileRef = A0EF2BE826753E6A00FE125A /* TestHomeViewController.swift */; };
/* End PBXBuildFile section */

/* Begin PBXFileReference section */
		A01FB1E12675552D00554AA8 /* HomePageViewController.swift */ = {isa = PBXFileReference; lastKnownFileType = sourcecode.swift; path = HomePageViewController.swift; sourceTree = "<group>"; };
		A08ED2EB26740E570003F16F /* KNWInventory.app */ = {isa = PBXFileReference; explicitFileType = wrapper.application; includeInIndex = 0; path = KNWInventory.app; sourceTree = BUILT_PRODUCTS_DIR; };
		A08ED2EE26740E570003F16F /* AppDelegate.swift */ = {isa = PBXFileReference; lastKnownFileType = sourcecode.swift; path = AppDelegate.swift; sourceTree = "<group>"; };
		A08ED2F026740E570003F16F /* SceneDelegate.swift */ = {isa = PBXFileReference; lastKnownFileType = sourcecode.swift; path = SceneDelegate.swift; sourceTree = "<group>"; };
		A08ED2F226740E570003F16F /* ViewController.swift */ = {isa = PBXFileReference; lastKnownFileType = sourcecode.swift; path = ViewController.swift; sourceTree = "<group>"; };
		A08ED2F526740E570003F16F /* Base */ = {isa = PBXFileReference; lastKnownFileType = file.storyboard; name = Base; path = Base.lproj/Main.storyboard; sourceTree = "<group>"; };
		A08ED2F726740E5C0003F16F /* Assets.xcassets */ = {isa = PBXFileReference; lastKnownFileType = folder.assetcatalog; path = Assets.xcassets; sourceTree = "<group>"; };
		A08ED2FA26740E5C0003F16F /* Base */ = {isa = PBXFileReference; lastKnownFileType = file.storyboard; name = Base; path = Base.lproj/LaunchScreen.storyboard; sourceTree = "<group>"; };
		A08ED2FC26740E5C0003F16F /* Info.plist */ = {isa = PBXFileReference; lastKnownFileType = text.plist.xml; path = Info.plist; sourceTree = "<group>"; };
		A0EF2BE126753E3200FE125A /* PasswordPageViewController.swift */ = {isa = PBXFileReference; lastKnownFileType = sourcecode.swift; path = PasswordPageViewController.swift; sourceTree = "<group>"; };
		A0EF2BE826753E6A00FE125A /* TestHomeViewController.swift */ = {isa = PBXFileReference; lastKnownFileType = sourcecode.swift; path = TestHomeViewController.swift; sourceTree = "<group>"; };
/* End PBXFileReference section */

/* Begin PBXFrameworksBuildPhase section */
		A08ED2E826740E570003F16F /* Frameworks */ = {
			isa = PBXFrameworksBuildPhase;
			buildActionMask = 2147483647;
			files = (
			);
			runOnlyForDeploymentPostprocessing = 0;
		};
/* End PBXFrameworksBuildPhase section */

/* Begin PBXGroup section */
		A08ED2E226740E570003F16F = {
			isa = PBXGroup;
			children = (
				A08ED2ED26740E570003F16F /* KNWInventory */,
				A08ED2EC26740E570003F16F /* Products */,
			);
			sourceTree = "<group>";
		};
		A08ED2EC26740E570003F16F /* Products */ = {
			isa = PBXGroup;
			children = (
				A08ED2EB26740E570003F16F /* KNWInventory.app */,
			);
			name = Products;
			sourceTree = "<group>";
		};
		A08ED2ED26740E570003F16F /* KNWInventory */ = {
			isa = PBXGroup;
			children = (
				A08ED2EE26740E570003F16F /* AppDelegate.swift */,
				A08ED2F026740E570003F16F /* SceneDelegate.swift */,
				A08ED2F226740E570003F16F /* ViewController.swift */,
				A08ED2F426740E570003F16F /* Main.storyboard */,
				A08ED2F726740E5C0003F16F /* Assets.xcassets */,
				A08ED2F926740E5C0003F16F /* LaunchScreen.storyboard */,
				A08ED2FC26740E5C0003F16F /* Info.plist */,
				A0EF2BE126753E3200FE125A /* PasswordPageViewController.swift */,
				A0EF2BE826753E6A00FE125A /* TestHomeViewController.swift */,
				A01FB1E12675552D00554AA8 /* HomePageViewController.swift */,
			);
			path = KNWInventory;
			sourceTree = "<group>";
		};
/* End PBXGroup section */

/* Begin PBXNativeTarget section */
		A08ED2EA26740E570003F16F /* KNWInventory */ = {
			isa = PBXNativeTarget;
			buildConfigurationList = A08ED2FF26740E5C0003F16F /* Build configuration list for PBXNativeTarget "KNWInventory" */;
			buildPhases = (
				A08ED2E726740E570003F16F /* Sources */,
				A08ED2E826740E570003F16F /* Frameworks */,
				A08ED2E926740E570003F16F /* Resources */,
			);
			buildRules = (
			);
			dependencies = (
			);
			name = KNWInventory;
			productName = KNWInventory;
			productReference = A08ED2EB26740E570003F16F /* KNWInventory.app */;
			productType = "com.apple.product-type.application";
		};
/* End PBXNativeTarget section */

/* Begin PBXProject section */
		A08ED2E326740E570003F16F /* Project object */ = {
			isa = PBXProject;
			attributes = {
				LastSwiftUpdateCheck = 1240;
				LastUpgradeCheck = 1240;
				TargetAttributes = {
					A08ED2EA26740E570003F16F = {
						CreatedOnToolsVersion = 12.4;
					};
				};
			};
			buildConfigurationList = A08ED2E626740E570003F16F /* Build configuration list for PBXProject "KNWInventory" */;
			compatibilityVersion = "Xcode 9.3";
			developmentRegion = en;
			hasScannedForEncodings = 0;
			knownRegions = (
				en,
				Base,
			);
			mainGroup = A08ED2E226740E570003F16F;
			productRefGroup = A08ED2EC26740E570003F16F /* Products */;
			projectDirPath = "";
			projectRoot = "";
			targets = (
				A08ED2EA26740E570003F16F /* KNWInventory */,
			);
		};
/* End PBXProject section */

/* Begin PBXResourcesBuildPhase section */
		A08ED2E926740E570003F16F /* Resources */ = {
			isa = PBXResourcesBuildPhase;
			buildActionMask = 2147483647;
			files = (
				A08ED2FB26740E5C0003F16F /* LaunchScreen.storyboard in Resources */,
				A08ED2F826740E5C0003F16F /* Assets.xcassets in Resources */,
				A08ED2F626740E570003F16F /* Main.storyboard in Resources */,
			);
			runOnlyForDeploymentPostprocessing = 0;
		};
/* End PBXResourcesBuildPhase section */

/* Begin PBXSourcesBuildPhase section */
		A08ED2E726740E570003F16F /* Sources */ = {
			isa = PBXSourcesBuildPhase;
			buildActionMask = 2147483647;
			files = (
				A0EF2BE226753E3200FE125A /* PasswordPageViewController.swift in Sources */,
				A08ED2F326740E570003F16F /* ViewController.swift in Sources */,
				A01FB1E22675552D00554AA8 /* HomePageViewController.swift in Sources */,
				A08ED2EF26740E570003F16F /* AppDelegate.swift in Sources */,
				A08ED2F126740E570003F16F /* SceneDelegate.swift in Sources */,
				A0EF2BE926753E6A00FE125A /* TestHomeViewController.swift in Sources */,
			);
			runOnlyForDeploymentPostprocessing = 0;
		};
/* End PBXSourcesBuildPhase section */

/* Begin PBXVariantGroup section */
		A08ED2F426740E570003F16F /* Main.storyboard */ = {
			isa = PBXVariantGroup;
			children = (
				A08ED2F526740E570003F16F /* Base */,
			);
			name = Main.storyboard;
			sourceTree = "<group>";
		};
		A08ED2F926740E5C0003F16F /* LaunchScreen.storyboard */ = {
			isa = PBXVariantGroup;
			children = (
				A08ED2FA26740E5C0003F16F /* Base */,
			);
			name = LaunchScreen.storyboard;
			sourceTree = "<group>";
		};
/* End PBXVariantGroup section */

/* Begin XCBuildConfiguration section */
		A08ED2FD26740E5C0003F16F /* Debug */ = {
			isa = XCBuildConfiguration;
			buildSettings = {
				ALWAYS_SEARCH_USER_PATHS = NO;
				CLANG_ANALYZER_NONNULL = YES;
				CLANG_ANALYZER_NUMBER_OBJECT_CONVERSION = YES_AGGRESSIVE;
				CLANG_CXX_LANGUAGE_STANDARD = "gnu++14";
				CLANG_CXX_LIBRARY = "libc++";
				CLANG_ENABLE_MODULES = YES;
				CLANG_ENABLE_OBJC_ARC = YES;
				CLANG_ENABLE_OBJC_WEAK = YES;
				CLANG_WARN_BLOCK_CAPTURE_AUTORELEASING = YES;
				CLANG_WARN_BOOL_CONVERSION = YES;
				CLANG_WARN_COMMA = YES;
				CLANG_WARN_CONSTANT_CONVERSION = YES;
				CLANG_WARN_DEPRECATED_OBJC_IMPLEMENTATIONS = YES;
				CLANG_WARN_DIRECT_OBJC_ISA_USAGE = YES_ERROR;
				CLANG_WARN_DOCUMENTATION_COMMENTS = YES;
				CLANG_WARN_EMPTY_BODY = YES;
				CLANG_WARN_ENUM_CONVERSION = YES;
				CLANG_WARN_INFINITE_RECURSION = YES;
				CLANG_WARN_INT_CONVERSION = YES;
				CLANG_WARN_NON_LITERAL_NULL_CONVERSION = YES;
				CLANG_WARN_OBJC_IMPLICIT_RETAIN_SELF = YES;
				CLANG_WARN_OBJC_LITERAL_CONVERSION = YES;
				CLANG_WARN_OBJC_ROOT_CLASS = YES_ERROR;
				CLANG_WARN_QUOTED_INCLUDE_IN_FRAMEWORK_HEADER = YES;
				CLANG_WARN_RANGE_LOOP_ANALYSIS = YES;
				CLANG_WARN_STRICT_PROTOTYPES = YES;
				CLANG_WARN_SUSPICIOUS_MOVE = YES;
				CLANG_WARN_UNGUARDED_AVAILABILITY = YES_AGGRESSIVE;
				CLANG_WARN_UNREACHABLE_CODE = YES;
				CLANG_WARN__DUPLICATE_METHOD_MATCH = YES;
				COPY_PHASE_STRIP = NO;
				DEBUG_INFORMATION_FORMAT = dwarf;
				ENABLE_STRICT_OBJC_MSGSEND = YES;
				ENABLE_TESTABILITY = YES;
				GCC_C_LANGUAGE_STANDARD = gnu11;
				GCC_DYNAMIC_NO_PIC = NO;
				GCC_NO_COMMON_BLOCKS = YES;
				GCC_OPTIMIZATION_LEVEL = 0;
				GCC_PREPROCESSOR_DEFINITIONS = (
					"DEBUG=1",
					"$(inherited)",
				);
				GCC_WARN_64_TO_32_BIT_CONVERSION = YES;
				GCC_WARN_ABOUT_RETURN_TYPE = YES_ERROR;
				GCC_WARN_UNDECLARED_SELECTOR = YES;
				GCC_WARN_UNINITIALIZED_AUTOS = YES_AGGRESSIVE;
				GCC_WARN_UNUSED_FUNCTION = YES;
				GCC_WARN_UNUSED_VARIABLE = YES;
				IPHONEOS_DEPLOYMENT_TARGET = 14.4;
				MTL_ENABLE_DEBUG_INFO = INCLUDE_SOURCE;
				MTL_FAST_MATH = YES;
				ONLY_ACTIVE_ARCH = YES;
				SDKROOT = iphoneos;
				SWIFT_ACTIVE_COMPILATION_CONDITIONS = DEBUG;
				SWIFT_OPTIMIZATION_LEVEL = "-Onone";
			};
			name = Debug;
		};
		A08ED2FE26740E5C0003F16F /* Release */ = {
			isa = XCBuildConfiguration;
			buildSettings = {
				ALWAYS_SEARCH_USER_PATHS = NO;
				CLANG_ANALYZER_NONNULL = YES;
				CLANG_ANALYZER_NUMBER_OBJECT_CONVERSION = YES_AGGRESSIVE;
				CLANG_CXX_LANGUAGE_STANDARD = "gnu++14";
				CLANG_CXX_LIBRARY = "libc++";
				CLANG_ENABLE_MODULES = YES;
				CLANG_ENABLE_OBJC_ARC = YES;
				CLANG_ENABLE_OBJC_WEAK = YES;
				CLANG_WARN_BLOCK_CAPTURE_AUTORELEASING = YES;
				CLANG_WARN_BOOL_CONVERSION = YES;
				CLANG_WARN_COMMA = YES;
				CLANG_WARN_CONSTANT_CONVERSION = YES;
				CLANG_WARN_DEPRECATED_OBJC_IMPLEMENTATIONS = YES;
				CLANG_WARN_DIRECT_OBJC_ISA_USAGE = YES_ERROR;
				CLANG_WARN_DOCUMENTATION_COMMENTS = YES;
				CLANG_WARN_EMPTY_BODY = YES;
				CLANG_WARN_ENUM_CONVERSION = YES;
				CLANG_WARN_INFINITE_RECURSION = YES;
				CLANG_WARN_INT_CONVERSION = YES;
				CLANG_WARN_NON_LITERAL_NULL_CONVERSION = YES;
				CLANG_WARN_OBJC_IMPLICIT_RETAIN_SELF = YES;
				CLANG_WARN_OBJC_LITERAL_CONVERSION = YES;
				CLANG_WARN_OBJC_ROOT_CLASS = YES_ERROR;
				CLANG_WARN_QUOTED_INCLUDE_IN_FRAMEWORK_HEADER = YES;
				CLANG_WARN_RANGE_LOOP_ANALYSIS = YES;
				CLANG_WARN_STRICT_PROTOTYPES = YES;
				CLANG_WARN_SUSPICIOUS_MOVE = YES;
				CLANG_WARN_UNGUARDED_AVAILABILITY = YES_AGGRESSIVE;
				CLANG_WARN_UNREACHABLE_CODE = YES;
				CLANG_WARN__DUPLICATE_METHOD_MATCH = YES;
				COPY_PHASE_STRIP = NO;
				DEBUG_INFORMATION_FORMAT = "dwarf-with-dsym";
				ENABLE_NS_ASSERTIONS = NO;
				ENABLE_STRICT_OBJC_MSGSEND = YES;
				GCC_C_LANGUAGE_STANDARD = gnu11;
				GCC_NO_COMMON_BLOCKS = YES;
				GCC_WARN_64_TO_32_BIT_CONVERSION = YES;
				GCC_WARN_ABOUT_RETURN_TYPE = YES_ERROR;
				GCC_WARN_UNDECLARED_SELECTOR = YES;
				GCC_WARN_UNINITIALIZED_AUTOS = YES_AGGRESSIVE;
				GCC_WARN_UNUSED_FUNCTION = YES;
				GCC_WARN_UNUSED_VARIABLE = YES;
				IPHONEOS_DEPLOYMENT_TARGET = 14.4;
				MTL_ENABLE_DEBUG_INFO = NO;
				MTL_FAST_MATH = YES;
				SDKROOT = iphoneos;
				SWIFT_COMPILATION_MODE = wholemodule;
				SWIFT_OPTIMIZATION_LEVEL = "-O";
				VALIDATE_PRODUCT = YES;
			};
			name = Release;
		};
		A08ED30026740E5C0003F16F /* Debug */ = {
			isa = XCBuildConfiguration;
			buildSettings = {
				ASSETCATALOG_COMPILER_APPICON_NAME = AppIcon;
				ASSETCATALOG_COMPILER_GLOBAL_ACCENT_COLOR_NAME = AccentColor;
				CODE_SIGN_STYLE = Automatic;
				DEVELOPMENT_TEAM = KVV4R3P6V7;
				INFOPLIST_FILE = KNWInventory/Info.plist;
				LD_RUNPATH_SEARCH_PATHS = (
					"$(inherited)",
					"@executable_path/Frameworks",
				);
				PRODUCT_BUNDLE_IDENTIFIER = cpp.KNWInventory;
				PRODUCT_NAME = "$(TARGET_NAME)";
				SWIFT_VERSION = 5.0;
				TARGETED_DEVICE_FAMILY = "1,2";
			};
			name = Debug;
		};
		A08ED30126740E5C0003F16F /* Release */ = {
			isa = XCBuildConfiguration;
			buildSettings = {
				ASSETCATALOG_COMPILER_APPICON_NAME = AppIcon;
				ASSETCATALOG_COMPILER_GLOBAL_ACCENT_COLOR_NAME = AccentColor;
				CODE_SIGN_STYLE = Automatic;
				DEVELOPMENT_TEAM = KVV4R3P6V7;
				INFOPLIST_FILE = KNWInventory/Info.plist;
				LD_RUNPATH_SEARCH_PATHS = (
					"$(inherited)",
					"@executable_path/Frameworks",
				);
				PRODUCT_BUNDLE_IDENTIFIER = cpp.KNWInventory;
				PRODUCT_NAME = "$(TARGET_NAME)";
				SWIFT_VERSION = 5.0;
				TARGETED_DEVICE_FAMILY = "1,2";
			};
			name = Release;
		};
/* End XCBuildConfiguration section */

/* Begin XCConfigurationList section */
		A08ED2E626740E570003F16F /* Build configuration list for PBXProject "KNWInventory" */ = {
			isa = XCConfigurationList;
			buildConfigurations = (
				A08ED2FD26740E5C0003F16F /* Debug */,
				A08ED2FE26740E5C0003F16F /* Release */,
			);
			defaultConfigurationIsVisible = 0;
			defaultConfigurationName = Release;
		};
		A08ED2FF26740E5C0003F16F /* Build configuration list for PBXNativeTarget "KNWInventory" */ = {
			isa = XCConfigurationList;
			buildConfigurations = (
				A08ED30026740E5C0003F16F /* Debug */,
				A08ED30126740E5C0003F16F /* Release */,
			);
			defaultConfigurationIsVisible = 0;
			defaultConfigurationName = Release;
		};
/* End XCConfigurationList section */
	};
	rootObject = A08ED2E326740E570003F16F /* Project object */;
}
